// !$*UTF8*$!
{
	archiveVersion = 1;
	classes = {
	};
	objectVersion = 46;
	objects = {

/* Begin PBXBuildFile section */
		8414D65C1E1EAF0900EE74A7 /* Main.storyboard in Resources */ = {isa = PBXBuildFile; fileRef = 8414D65A1E1EAF0900EE74A7 /* Main.storyboard */; };
		8414D65E1E1EAF0900EE74A7 /* Assets.xcassets in Resources */ = {isa = PBXBuildFile; fileRef = 8414D65D1E1EAF0900EE74A7 /* Assets.xcassets */; };
		8414D6611E1EAF0900EE74A7 /* LaunchScreen.storyboard in Resources */ = {isa = PBXBuildFile; fileRef = 8414D65F1E1EAF0900EE74A7 /* LaunchScreen.storyboard */; };
		841A95F51E2B67730003361A /* UIBarButtonItem+Extension.swift in Sources */ = {isa = PBXBuildFile; fileRef = 841A95F41E2B67730003361A /* UIBarButtonItem+Extension.swift */; };
		841A95F81E2D1AA00003361A /* MMTabBar.swift in Sources */ = {isa = PBXBuildFile; fileRef = 841A95F71E2D1AA00003361A /* MMTabBar.swift */; };
		841A95FC1E2E2C860003361A /* MMNavigatioController.swift in Sources */ = {isa = PBXBuildFile; fileRef = 841A95FB1E2E2C860003361A /* MMNavigatioController.swift */; };
		841A96021E2E5FD10003361A /* MMSettingsController.swift in Sources */ = {isa = PBXBuildFile; fileRef = 841A96011E2E5FD10003361A /* MMSettingsController.swift */; };
		84341F8C1E56FE0200A4DF37 /* MMLoginTextField.swift in Sources */ = {isa = PBXBuildFile; fileRef = 84341F8B1E56FE0200A4DF37 /* MMLoginTextField.swift */; };
		84341F8E1E586A9700A4DF37 /* UITextField+Extension.swift in Sources */ = {isa = PBXBuildFile; fileRef = 84341F8D1E586A9700A4DF37 /* UITextField+Extension.swift */; };
		84BF47971E22A8FE00FB0EC0 /* InfoPlist.strings in Resources */ = {isa = PBXBuildFile; fileRef = 84BF47991E22A8FE00FB0EC0 /* InfoPlist.strings */; };
		84BF47B31E249A4E00FB0EC0 /* AppDelegate.swift in Sources */ = {isa = PBXBuildFile; fileRef = 84BF47AD1E249A4E00FB0EC0 /* AppDelegate.swift */; };
		84BF47B41E249A4E00FB0EC0 /* ViewController.swift in Sources */ = {isa = PBXBuildFile; fileRef = 84BF47AE1E249A4E00FB0EC0 /* ViewController.swift */; };
		84BF47B61E249B1900FB0EC0 /* MMEssenceController.swift in Sources */ = {isa = PBXBuildFile; fileRef = 84BF47B51E249B1900FB0EC0 /* MMEssenceController.swift */; };
		84BF47B81E249B3400FB0EC0 /* MMFriendTrendController.swift in Sources */ = {isa = PBXBuildFile; fileRef = 84BF47B71E249B3400FB0EC0 /* MMFriendTrendController.swift */; };
		84BF47BC1E249B4800FB0EC0 /* MMNewController.swift in Sources */ = {isa = PBXBuildFile; fileRef = 84BF47BB1E249B4800FB0EC0 /* MMNewController.swift */; };
		84BF47BE1E249B5500FB0EC0 /* MMPublishController.swift in Sources */ = {isa = PBXBuildFile; fileRef = 84BF47BD1E249B5500FB0EC0 /* MMPublishController.swift */; };
		84BF47C01E249BC600FB0EC0 /* MMMeController.swift in Sources */ = {isa = PBXBuildFile; fileRef = 84BF47BF1E249BC600FB0EC0 /* MMMeController.swift */; };
		84C6EA121E42F86700E6A4A2 /* MMADViewController.swift in Sources */ = {isa = PBXBuildFile; fileRef = 84C6EA111E42F86700E6A4A2 /* MMADViewController.swift */; };
		84C6EA141E42F87300E6A4A2 /* MMADViewController.xib in Resources */ = {isa = PBXBuildFile; fileRef = 84C6EA131E42F87300E6A4A2 /* MMADViewController.xib */; };
		84C6EA161E436DF400E6A4A2 /* MMADItem.swift in Sources */ = {isa = PBXBuildFile; fileRef = 84C6EA151E436DF400E6A4A2 /* MMADItem.swift */; };
		84C6EA1C1E43B2CD00E6A4A2 /* MMSubscriberTableViewController.swift in Sources */ = {isa = PBXBuildFile; fileRef = 84C6EA1B1E43B2CD00E6A4A2 /* MMSubscriberTableViewController.swift */; };
		84C6EA1E1E43B67300E6A4A2 /* MMSubscriber.swift in Sources */ = {isa = PBXBuildFile; fileRef = 84C6EA1D1E43B67300E6A4A2 /* MMSubscriber.swift */; };
		84C6EA211E44326E00E6A4A2 /* MMSubscriberTableViewCell.swift in Sources */ = {isa = PBXBuildFile; fileRef = 84C6EA1F1E44326E00E6A4A2 /* MMSubscriberTableViewCell.swift */; };
		84C6EA221E44326E00E6A4A2 /* MMSubscriberTableViewCell.xib in Resources */ = {isa = PBXBuildFile; fileRef = 84C6EA201E44326E00E6A4A2 /* MMSubscriberTableViewCell.xib */; };
		84C6EAA31E45AAB300E6A4A2 /* MMFriendTrendController.xib in Resources */ = {isa = PBXBuildFile; fileRef = 84C6EAA21E45AAB300E6A4A2 /* MMFriendTrendController.xib */; };
		84C6EAA61E45B11C00E6A4A2 /* MMLoginViewController.swift in Sources */ = {isa = PBXBuildFile; fileRef = 84C6EAA41E45B11C00E6A4A2 /* MMLoginViewController.swift */; };
		84C6EAA71E45B11C00E6A4A2 /* MMLoginViewController.xib in Resources */ = {isa = PBXBuildFile; fileRef = 84C6EAA51E45B11C00E6A4A2 /* MMLoginViewController.xib */; };
		84C6EAA91E45BBDD00E6A4A2 /* MMLoginView.swift in Sources */ = {isa = PBXBuildFile; fileRef = 84C6EAA81E45BBDD00E6A4A2 /* MMLoginView.swift */; };
		84C6EAAB1E45BBE300E6A4A2 /* MMLoginView.xib in Resources */ = {isa = PBXBuildFile; fileRef = 84C6EAAA1E45BBE300E6A4A2 /* MMLoginView.xib */; };
		84C6EAAD1E4630BE00E6A4A2 /* MMConvenientLoginView.swift in Sources */ = {isa = PBXBuildFile; fileRef = 84C6EAAC1E4630BE00E6A4A2 /* MMConvenientLoginView.swift */; };
		84C6EAAF1E4630C600E6A4A2 /* MMConvenientLoginView.xib in Resources */ = {isa = PBXBuildFile; fileRef = 84C6EAAE1E4630C600E6A4A2 /* MMConvenientLoginView.xib */; };
		84C6EAB11E46392900E6A4A2 /* MMConvenientLoginButton.swift in Sources */ = {isa = PBXBuildFile; fileRef = 84C6EAB01E46392900E6A4A2 /* MMConvenientLoginButton.swift */; };
		84EB30281E253BDA00E85CDF /* MMTabBarController.swift in Sources */ = {isa = PBXBuildFile; fileRef = 84EB30271E253BDA00E85CDF /* MMTabBarController.swift */; };
		CB3199710BC82DDBABF01C04 /* Pods_BuDeJie_Swift3.framework in Frameworks */ = {isa = PBXBuildFile; fileRef = 162F93F89456B1EEB32F74E5 /* Pods_BuDeJie_Swift3.framework */; };
/* End PBXBuildFile section */

/* Begin PBXFileReference section */
		162F93F89456B1EEB32F74E5 /* Pods_BuDeJie_Swift3.framework */ = {isa = PBXFileReference; explicitFileType = wrapper.framework; includeInIndex = 0; path = Pods_BuDeJie_Swift3.framework; sourceTree = BUILT_PRODUCTS_DIR; };
		68B355261F8DA6C23D805781 /* Pods-BuDeJie_Swift3.release.xcconfig */ = {isa = PBXFileReference; includeInIndex = 1; lastKnownFileType = text.xcconfig; name = "Pods-BuDeJie_Swift3.release.xcconfig"; path = "Pods/Target Support Files/Pods-BuDeJie_Swift3/Pods-BuDeJie_Swift3.release.xcconfig"; sourceTree = "<group>"; };
		8414D6531E1EAF0900EE74A7 /* BuDeJie_Swift3.app */ = {isa = PBXFileReference; explicitFileType = wrapper.application; includeInIndex = 0; path = BuDeJie_Swift3.app; sourceTree = BUILT_PRODUCTS_DIR; };
		8414D65B1E1EAF0900EE74A7 /* Base */ = {isa = PBXFileReference; lastKnownFileType = file.storyboard; name = Base; path = Base.lproj/Main.storyboard; sourceTree = "<group>"; };
		8414D65D1E1EAF0900EE74A7 /* Assets.xcassets */ = {isa = PBXFileReference; lastKnownFileType = folder.assetcatalog; path = Assets.xcassets; sourceTree = "<group>"; };
		8414D6601E1EAF0900EE74A7 /* Base */ = {isa = PBXFileReference; lastKnownFileType = file.storyboard; name = Base; path = Base.lproj/LaunchScreen.storyboard; sourceTree = "<group>"; };
		8414D6621E1EAF0900EE74A7 /* Info.plist */ = {isa = PBXFileReference; lastKnownFileType = text.plist.xml; path = Info.plist; sourceTree = "<group>"; };
		841A95F41E2B67730003361A /* UIBarButtonItem+Extension.swift */ = {isa = PBXFileReference; fileEncoding = 4; lastKnownFileType = sourcecode.swift; name = "UIBarButtonItem+Extension.swift"; path = "Extension/UIBarButtonItem+Extension.swift"; sourceTree = "<group>"; };
		841A95F71E2D1AA00003361A /* MMTabBar.swift */ = {isa = PBXFileReference; fileEncoding = 4; lastKnownFileType = sourcecode.swift; path = MMTabBar.swift; sourceTree = "<group>"; };
		841A95FB1E2E2C860003361A /* MMNavigatioController.swift */ = {isa = PBXFileReference; fileEncoding = 4; lastKnownFileType = sourcecode.swift; name = MMNavigatioController.swift; path = ../View/MMNavigatioController.swift; sourceTree = "<group>"; };
		841A96011E2E5FD10003361A /* MMSettingsController.swift */ = {isa = PBXFileReference; fileEncoding = 4; lastKnownFileType = sourcecode.swift; path = MMSettingsController.swift; sourceTree = "<group>"; };
		84341F8B1E56FE0200A4DF37 /* MMLoginTextField.swift */ = {isa = PBXFileReference; fileEncoding = 4; lastKnownFileType = sourcecode.swift; path = MMLoginTextField.swift; sourceTree = "<group>"; };
		84341F8D1E586A9700A4DF37 /* UITextField+Extension.swift */ = {isa = PBXFileReference; fileEncoding = 4; lastKnownFileType = sourcecode.swift; path = "UITextField+Extension.swift"; sourceTree = "<group>"; };
		84BF47951E22A86C00FB0EC0 /* zh-Hans */ = {isa = PBXFileReference; lastKnownFileType = text.plist.strings; name = "zh-Hans"; path = "zh-Hans.lproj/Main.strings"; sourceTree = "<group>"; };
		84BF47961E22A86C00FB0EC0 /* zh-Hans */ = {isa = PBXFileReference; lastKnownFileType = text.plist.strings; name = "zh-Hans"; path = "zh-Hans.lproj/LaunchScreen.strings"; sourceTree = "<group>"; };
		84BF47981E22A8FE00FB0EC0 /* en */ = {isa = PBXFileReference; lastKnownFileType = text.plist.strings; name = en; path = en.lproj/InfoPlist.strings; sourceTree = "<group>"; };
		84BF479A1E22A90300FB0EC0 /* zh-Hans */ = {isa = PBXFileReference; lastKnownFileType = text.plist.strings; name = "zh-Hans"; path = "zh-Hans.lproj/InfoPlist.strings"; sourceTree = "<group>"; };
		84BF47AD1E249A4E00FB0EC0 /* AppDelegate.swift */ = {isa = PBXFileReference; fileEncoding = 4; lastKnownFileType = sourcecode.swift; path = AppDelegate.swift; sourceTree = "<group>"; };
		84BF47AE1E249A4E00FB0EC0 /* ViewController.swift */ = {isa = PBXFileReference; fileEncoding = 4; lastKnownFileType = sourcecode.swift; path = ViewController.swift; sourceTree = "<group>"; };
		84BF47B51E249B1900FB0EC0 /* MMEssenceController.swift */ = {isa = PBXFileReference; fileEncoding = 4; lastKnownFileType = sourcecode.swift; path = MMEssenceController.swift; sourceTree = "<group>"; };
		84BF47B71E249B3400FB0EC0 /* MMFriendTrendController.swift */ = {isa = PBXFileReference; fileEncoding = 4; lastKnownFileType = sourcecode.swift; path = MMFriendTrendController.swift; sourceTree = "<group>"; };
		84BF47BB1E249B4800FB0EC0 /* MMNewController.swift */ = {isa = PBXFileReference; fileEncoding = 4; lastKnownFileType = sourcecode.swift; path = MMNewController.swift; sourceTree = "<group>"; };
		84BF47BD1E249B5500FB0EC0 /* MMPublishController.swift */ = {isa = PBXFileReference; fileEncoding = 4; lastKnownFileType = sourcecode.swift; path = MMPublishController.swift; sourceTree = "<group>"; };
		84BF47BF1E249BC600FB0EC0 /* MMMeController.swift */ = {isa = PBXFileReference; fileEncoding = 4; lastKnownFileType = sourcecode.swift; path = MMMeController.swift; sourceTree = "<group>"; };
		84C6EA111E42F86700E6A4A2 /* MMADViewController.swift */ = {isa = PBXFileReference; fileEncoding = 4; lastKnownFileType = sourcecode.swift; path = MMADViewController.swift; sourceTree = "<group>"; };
		84C6EA131E42F87300E6A4A2 /* MMADViewController.xib */ = {isa = PBXFileReference; fileEncoding = 4; lastKnownFileType = file.xib; path = MMADViewController.xib; sourceTree = "<group>"; };
		84C6EA151E436DF400E6A4A2 /* MMADItem.swift */ = {isa = PBXFileReference; fileEncoding = 4; lastKnownFileType = sourcecode.swift; path = MMADItem.swift; sourceTree = "<group>"; };
		84C6EA1B1E43B2CD00E6A4A2 /* MMSubscriberTableViewController.swift */ = {isa = PBXFileReference; fileEncoding = 4; lastKnownFileType = sourcecode.swift; path = MMSubscriberTableViewController.swift; sourceTree = "<group>"; };
		84C6EA1D1E43B67300E6A4A2 /* MMSubscriber.swift */ = {isa = PBXFileReference; fileEncoding = 4; lastKnownFileType = sourcecode.swift; path = MMSubscriber.swift; sourceTree = "<group>"; };
		84C6EA1F1E44326E00E6A4A2 /* MMSubscriberTableViewCell.swift */ = {isa = PBXFileReference; fileEncoding = 4; lastKnownFileType = sourcecode.swift; path = MMSubscriberTableViewCell.swift; sourceTree = "<group>"; };
		84C6EA201E44326E00E6A4A2 /* MMSubscriberTableViewCell.xib */ = {isa = PBXFileReference; fileEncoding = 4; lastKnownFileType = file.xib; path = MMSubscriberTableViewCell.xib; sourceTree = "<group>"; };
		84C6EAA21E45AAB300E6A4A2 /* MMFriendTrendController.xib */ = {isa = PBXFileReference; fileEncoding = 4; lastKnownFileType = file.xib; path = MMFriendTrendController.xib; sourceTree = "<group>"; };
		84C6EAA41E45B11C00E6A4A2 /* MMLoginViewController.swift */ = {isa = PBXFileReference; fileEncoding = 4; lastKnownFileType = sourcecode.swift; path = MMLoginViewController.swift; sourceTree = "<group>"; };
		84C6EAA51E45B11C00E6A4A2 /* MMLoginViewController.xib */ = {isa = PBXFileReference; fileEncoding = 4; lastKnownFileType = file.xib; path = MMLoginViewController.xib; sourceTree = "<group>"; };
		84C6EAA81E45BBDD00E6A4A2 /* MMLoginView.swift */ = {isa = PBXFileReference; fileEncoding = 4; lastKnownFileType = sourcecode.swift; path = MMLoginView.swift; sourceTree = "<group>"; };
		84C6EAAA1E45BBE300E6A4A2 /* MMLoginView.xib */ = {isa = PBXFileReference; fileEncoding = 4; lastKnownFileType = file.xib; path = MMLoginView.xib; sourceTree = "<group>"; };
		84C6EAAC1E4630BE00E6A4A2 /* MMConvenientLoginView.swift */ = {isa = PBXFileReference; fileEncoding = 4; lastKnownFileType = sourcecode.swift; path = MMConvenientLoginView.swift; sourceTree = "<group>"; };
		84C6EAAE1E4630C600E6A4A2 /* MMConvenientLoginView.xib */ = {isa = PBXFileReference; fileEncoding = 4; lastKnownFileType = file.xib; path = MMConvenientLoginView.xib; sourceTree = "<group>"; };
		84C6EAB01E46392900E6A4A2 /* MMConvenientLoginButton.swift */ = {isa = PBXFileReference; fileEncoding = 4; lastKnownFileType = sourcecode.swift; path = MMConvenientLoginButton.swift; sourceTree = "<group>"; };
		84EB30271E253BDA00E85CDF /* MMTabBarController.swift */ = {isa = PBXFileReference; fileEncoding = 4; lastKnownFileType = sourcecode.swift; path = MMTabBarController.swift; sourceTree = "<group>"; };
		C1AB2628BEBA4190DC8DF004 /* Pods-BuDeJie_Swift3.debug.xcconfig */ = {isa = PBXFileReference; includeInIndex = 1; lastKnownFileType = text.xcconfig; name = "Pods-BuDeJie_Swift3.debug.xcconfig"; path = "Pods/Target Support Files/Pods-BuDeJie_Swift3/Pods-BuDeJie_Swift3.debug.xcconfig"; sourceTree = "<group>"; };
/* End PBXFileReference section */

/* Begin PBXFrameworksBuildPhase section */
		8414D6501E1EAF0900EE74A7 /* Frameworks */ = {
			isa = PBXFrameworksBuildPhase;
			buildActionMask = 2147483647;
			files = (
				CB3199710BC82DDBABF01C04 /* Pods_BuDeJie_Swift3.framework in Frameworks */,
			);
			runOnlyForDeploymentPostprocessing = 0;
		};
/* End PBXFrameworksBuildPhase section */

/* Begin PBXGroup section */
		01AFF26D9B11AC24BE4B6BC2 /* Pods */ = {
			isa = PBXGroup;
			children = (
				C1AB2628BEBA4190DC8DF004 /* Pods-BuDeJie_Swift3.debug.xcconfig */,
				68B355261F8DA6C23D805781 /* Pods-BuDeJie_Swift3.release.xcconfig */,
			);
			name = Pods;
			sourceTree = "<group>";
		};
		3F1B8C4EFFC25049224B41D4 /* Frameworks */ = {
			isa = PBXGroup;
			children = (
				162F93F89456B1EEB32F74E5 /* Pods_BuDeJie_Swift3.framework */,
			);
			name = Frameworks;
			sourceTree = "<group>";
		};
		8414D64A1E1EAF0900EE74A7 = {
			isa = PBXGroup;
			children = (
				8414D6551E1EAF0900EE74A7 /* BuDeJie_Swift3 */,
				8414D6541E1EAF0900EE74A7 /* Products */,
				01AFF26D9B11AC24BE4B6BC2 /* Pods */,
				3F1B8C4EFFC25049224B41D4 /* Frameworks */,
			);
			sourceTree = "<group>";
		};
		8414D6541E1EAF0900EE74A7 /* Products */ = {
			isa = PBXGroup;
			children = (
				8414D6531E1EAF0900EE74A7 /* BuDeJie_Swift3.app */,
			);
			name = Products;
			sourceTree = "<group>";
		};
		8414D6551E1EAF0900EE74A7 /* BuDeJie_Swift3 */ = {
			isa = PBXGroup;
			children = (
				84BF479B1E249A4E00FB0EC0 /* Classes */,
				8414D65A1E1EAF0900EE74A7 /* Main.storyboard */,
				8414D65D1E1EAF0900EE74A7 /* Assets.xcassets */,
				8414D65F1E1EAF0900EE74A7 /* LaunchScreen.storyboard */,
				8414D6621E1EAF0900EE74A7 /* Info.plist */,
				84BF47991E22A8FE00FB0EC0 /* InfoPlist.strings */,
			);
			path = BuDeJie_Swift3;
			sourceTree = "<group>";
		};
		841A95F61E2B67BE0003361A /* Extension */ = {
			isa = PBXGroup;
			children = (
				841A95F41E2B67730003361A /* UIBarButtonItem+Extension.swift */,
				84341F8D1E586A9700A4DF37 /* UITextField+Extension.swift */,
			);
			name = Extension;
			sourceTree = "<group>";
		};
		841A95FD1E2E5FA80003361A /* Settings(设置) */ = {
			isa = PBXGroup;
			children = (
				841A95FE1E2E5FA80003361A /* Controller */,
				841A95FF1E2E5FA80003361A /* Model */,
				841A96001E2E5FA80003361A /* View */,
			);
			path = "Settings(设置)";
			sourceTree = "<group>";
		};
		841A95FE1E2E5FA80003361A /* Controller */ = {
			isa = PBXGroup;
			children = (
				841A96011E2E5FD10003361A /* MMSettingsController.swift */,
			);
			path = Controller;
			sourceTree = "<group>";
		};
		841A95FF1E2E5FA80003361A /* Model */ = {
			isa = PBXGroup;
			children = (
			);
			path = Model;
			sourceTree = "<group>";
		};
		841A96001E2E5FA80003361A /* View */ = {
			isa = PBXGroup;
			children = (
			);
			path = View;
			sourceTree = "<group>";
		};
		84BF479B1E249A4E00FB0EC0 /* Classes */ = {
			isa = PBXGroup;
			children = (
				84C6EA0D1E42536100E6A4A2 /* AD(广告) */,
				84EB30231E253BB600E85CDF /* Main(主要) */,
				84BF479C1E249A4E00FB0EC0 /* Essence(精华) */,
				84BF47A81E249A4E00FB0EC0 /* New(新帖) */,
				84BF47AF1E249A4E00FB0EC0 /* Publish(发布) */,
				84BF47A01E249A4E00FB0EC0 /* FriendTrend(关注) */,
				84BF47A41E249A4E00FB0EC0 /* Me(我) */,
				841A95FD1E2E5FA80003361A /* Settings(设置) */,
				84BF47AC1E249A4E00FB0EC0 /* Other */,
			);
			path = Classes;
			sourceTree = "<group>";
		};
		84BF479C1E249A4E00FB0EC0 /* Essence(精华) */ = {
			isa = PBXGroup;
			children = (
				84BF479D1E249A4E00FB0EC0 /* Controller */,
				84BF479E1E249A4E00FB0EC0 /* Model */,
				84BF479F1E249A4E00FB0EC0 /* View */,
			);
			path = "Essence(精华)";
			sourceTree = "<group>";
		};
		84BF479D1E249A4E00FB0EC0 /* Controller */ = {
			isa = PBXGroup;
			children = (
				84BF47B51E249B1900FB0EC0 /* MMEssenceController.swift */,
			);
			path = Controller;
			sourceTree = "<group>";
		};
		84BF479E1E249A4E00FB0EC0 /* Model */ = {
			isa = PBXGroup;
			children = (
			);
			path = Model;
			sourceTree = "<group>";
		};
		84BF479F1E249A4E00FB0EC0 /* View */ = {
			isa = PBXGroup;
			children = (
			);
			path = View;
			sourceTree = "<group>";
		};
		84BF47A01E249A4E00FB0EC0 /* FriendTrend(关注) */ = {
			isa = PBXGroup;
			children = (
				84BF47A11E249A4E00FB0EC0 /* Controller */,
				84BF47A21E249A4E00FB0EC0 /* Model */,
				84BF47A31E249A4E00FB0EC0 /* View */,
			);
			path = "FriendTrend(关注)";
			sourceTree = "<group>";
		};
		84BF47A11E249A4E00FB0EC0 /* Controller */ = {
			isa = PBXGroup;
			children = (
				84BF47B71E249B3400FB0EC0 /* MMFriendTrendController.swift */,
				84C6EAA21E45AAB300E6A4A2 /* MMFriendTrendController.xib */,
				84C6EAA41E45B11C00E6A4A2 /* MMLoginViewController.swift */,
				84C6EAA51E45B11C00E6A4A2 /* MMLoginViewController.xib */,
			);
			path = Controller;
			sourceTree = "<group>";
		};
		84BF47A21E249A4E00FB0EC0 /* Model */ = {
			isa = PBXGroup;
			children = (
			);
			path = Model;
			sourceTree = "<group>";
		};
		84BF47A31E249A4E00FB0EC0 /* View */ = {
			isa = PBXGroup;
			children = (
				84C6EAA81E45BBDD00E6A4A2 /* MMLoginView.swift */,
				84C6EAAA1E45BBE300E6A4A2 /* MMLoginView.xib */,
				84C6EAAC1E4630BE00E6A4A2 /* MMConvenientLoginView.swift */,
				84C6EAAE1E4630C600E6A4A2 /* MMConvenientLoginView.xib */,
				84C6EAB01E46392900E6A4A2 /* MMConvenientLoginButton.swift */,
				84341F8B1E56FE0200A4DF37 /* MMLoginTextField.swift */,
			);
			path = View;
			sourceTree = "<group>";
		};
		84BF47A41E249A4E00FB0EC0 /* Me(我) */ = {
			isa = PBXGroup;
			children = (
				84BF47A51E249A4E00FB0EC0 /* Controller */,
				84BF47A61E249A4E00FB0EC0 /* Model */,
				84BF47A71E249A4E00FB0EC0 /* View */,
			);
			path = "Me(我)";
			sourceTree = "<group>";
		};
		84BF47A51E249A4E00FB0EC0 /* Controller */ = {
			isa = PBXGroup;
			children = (
				84BF47BF1E249BC600FB0EC0 /* MMMeController.swift */,
			);
			path = Controller;
			sourceTree = "<group>";
		};
		84BF47A61E249A4E00FB0EC0 /* Model */ = {
			isa = PBXGroup;
			children = (
			);
			path = Model;
			sourceTree = "<group>";
		};
		84BF47A71E249A4E00FB0EC0 /* View */ = {
			isa = PBXGroup;
			children = (
			);
			path = View;
			sourceTree = "<group>";
		};
		84BF47A81E249A4E00FB0EC0 /* New(新帖) */ = {
			isa = PBXGroup;
			children = (
				84BF47A91E249A4E00FB0EC0 /* Controller */,
				84BF47AA1E249A4E00FB0EC0 /* Model */,
				84BF47AB1E249A4E00FB0EC0 /* View */,
			);
			path = "New(新帖)";
			sourceTree = "<group>";
		};
		84BF47A91E249A4E00FB0EC0 /* Controller */ = {
			isa = PBXGroup;
			children = (
				84BF47BB1E249B4800FB0EC0 /* MMNewController.swift */,
				84C6EA1B1E43B2CD00E6A4A2 /* MMSubscriberTableViewController.swift */,
			);
			path = Controller;
			sourceTree = "<group>";
		};
		84BF47AA1E249A4E00FB0EC0 /* Model */ = {
			isa = PBXGroup;
			children = (
				84C6EA1D1E43B67300E6A4A2 /* MMSubscriber.swift */,
			);
			path = Model;
			sourceTree = "<group>";
		};
		84BF47AB1E249A4E00FB0EC0 /* View */ = {
			isa = PBXGroup;
			children = (
				84C6EA1F1E44326E00E6A4A2 /* MMSubscriberTableViewCell.swift */,
				84C6EA201E44326E00E6A4A2 /* MMSubscriberTableViewCell.xib */,
			);
			path = View;
			sourceTree = "<group>";
		};
		84BF47AC1E249A4E00FB0EC0 /* Other */ = {
			isa = PBXGroup;
			children = (
				841A95F61E2B67BE0003361A /* Extension */,
				84BF47AD1E249A4E00FB0EC0 /* AppDelegate.swift */,
				84BF47AE1E249A4E00FB0EC0 /* ViewController.swift */,
			);
			path = Other;
			sourceTree = "<group>";
		};
		84BF47AF1E249A4E00FB0EC0 /* Publish(发布) */ = {
			isa = PBXGroup;
			children = (
				84BF47B01E249A4E00FB0EC0 /* Controller */,
				84BF47B11E249A4E00FB0EC0 /* Model */,
				84BF47B21E249A4E00FB0EC0 /* View */,
			);
			path = "Publish(发布)";
			sourceTree = "<group>";
		};
		84BF47B01E249A4E00FB0EC0 /* Controller */ = {
			isa = PBXGroup;
			children = (
				84BF47BD1E249B5500FB0EC0 /* MMPublishController.swift */,
			);
			path = Controller;
			sourceTree = "<group>";
		};
		84BF47B11E249A4E00FB0EC0 /* Model */ = {
			isa = PBXGroup;
			children = (
			);
			path = Model;
			sourceTree = "<group>";
		};
		84BF47B21E249A4E00FB0EC0 /* View */ = {
			isa = PBXGroup;
			children = (
			);
			path = View;
			sourceTree = "<group>";
		};
		84C6EA0D1E42536100E6A4A2 /* AD(广告) */ = {
			isa = PBXGroup;
			children = (
				84C6EA0E1E42536100E6A4A2 /* Controller */,
				84C6EA0F1E42536100E6A4A2 /* Model */,
				84C6EA101E42536100E6A4A2 /* View */,
			);
			path = "AD(广告)";
			sourceTree = "<group>";
		};
		84C6EA0E1E42536100E6A4A2 /* Controller */ = {
			isa = PBXGroup;
			children = (
				84C6EA111E42F86700E6A4A2 /* MMADViewController.swift */,
				84C6EA131E42F87300E6A4A2 /* MMADViewController.xib */,
			);
			path = Controller;
			sourceTree = "<group>";
		};
		84C6EA0F1E42536100E6A4A2 /* Model */ = {
			isa = PBXGroup;
			children = (
				84C6EA151E436DF400E6A4A2 /* MMADItem.swift */,
			);
			path = Model;
			sourceTree = "<group>";
		};
		84C6EA101E42536100E6A4A2 /* View */ = {
			isa = PBXGroup;
			children = (
			);
			path = View;
			sourceTree = "<group>";
		};
		84EB30231E253BB600E85CDF /* Main(主要) */ = {
			isa = PBXGroup;
			children = (
				84EB30241E253BB600E85CDF /* Controller */,
				84EB30251E253BB600E85CDF /* Model */,
				84EB30261E253BB600E85CDF /* View */,
			);
			path = "Main(主要)";
			sourceTree = "<group>";
		};
		84EB30241E253BB600E85CDF /* Controller */ = {
			isa = PBXGroup;
			children = (
				84EB30271E253BDA00E85CDF /* MMTabBarController.swift */,
				841A95FB1E2E2C860003361A /* MMNavigatioController.swift */,
			);
			path = Controller;
			sourceTree = "<group>";
		};
		84EB30251E253BB600E85CDF /* Model */ = {
			isa = PBXGroup;
			children = (
			);
			path = Model;
			sourceTree = "<group>";
		};
		84EB30261E253BB600E85CDF /* View */ = {
			isa = PBXGroup;
			children = (
				841A95F71E2D1AA00003361A /* MMTabBar.swift */,
			);
			path = View;
			sourceTree = "<group>";
		};
/* End PBXGroup section */

/* Begin PBXNativeTarget section */
		8414D6521E1EAF0900EE74A7 /* BuDeJie_Swift3 */ = {
			isa = PBXNativeTarget;
			buildConfigurationList = 8414D6651E1EAF0900EE74A7 /* Build configuration list for PBXNativeTarget "BuDeJie_Swift3" */;
			buildPhases = (
				13FE54B7FA02168B91D346AF /* [CP] Check Pods Manifest.lock */,
				8414D64F1E1EAF0900EE74A7 /* Sources */,
				8414D6501E1EAF0900EE74A7 /* Frameworks */,
				8414D6511E1EAF0900EE74A7 /* Resources */,
				71D0994714202CC66DB637B5 /* [CP] Embed Pods Frameworks */,
				A463EF98E8EE8F0DB1A2EAAE /* [CP] Copy Pods Resources */,
			);
			buildRules = (
			);
			dependencies = (
			);
			name = BuDeJie_Swift3;
			productName = BuDeJie_Swift3;
			productReference = 8414D6531E1EAF0900EE74A7 /* BuDeJie_Swift3.app */;
			productType = "com.apple.product-type.application";
		};
/* End PBXNativeTarget section */

/* Begin PBXProject section */
		8414D64B1E1EAF0900EE74A7 /* Project object */ = {
			isa = PBXProject;
			attributes = {
				CLASSPREFIX = MM;
				LastSwiftUpdateCheck = 0820;
				LastUpgradeCheck = 0820;
				ORGANIZATIONNAME = "买明";
				TargetAttributes = {
					8414D6521E1EAF0900EE74A7 = {
						CreatedOnToolsVersion = 8.2.1;
						DevelopmentTeam = LEG7CXMPKJ;
						ProvisioningStyle = Automatic;
					};
				};
			};
			buildConfigurationList = 8414D64E1E1EAF0900EE74A7 /* Build configuration list for PBXProject "BuDeJie_Swift3" */;
			compatibilityVersion = "Xcode 3.2";
			developmentRegion = English;
			hasScannedForEncodings = 0;
			knownRegions = (
				en,
				Base,
				"zh-Hans",
			);
			mainGroup = 8414D64A1E1EAF0900EE74A7;
			productRefGroup = 8414D6541E1EAF0900EE74A7 /* Products */;
			projectDirPath = "";
			projectRoot = "";
			targets = (
				8414D6521E1EAF0900EE74A7 /* BuDeJie_Swift3 */,
			);
		};
/* End PBXProject section */

/* Begin PBXResourcesBuildPhase section */
		8414D6511E1EAF0900EE74A7 /* Resources */ = {
			isa = PBXResourcesBuildPhase;
			buildActionMask = 2147483647;
			files = (
				8414D6611E1EAF0900EE74A7 /* LaunchScreen.storyboard in Resources */,
				84C6EA141E42F87300E6A4A2 /* MMADViewController.xib in Resources */,
				84C6EAAF1E4630C600E6A4A2 /* MMConvenientLoginView.xib in Resources */,
				84BF47971E22A8FE00FB0EC0 /* InfoPlist.strings in Resources */,
				84C6EA221E44326E00E6A4A2 /* MMSubscriberTableViewCell.xib in Resources */,
				84C6EAA71E45B11C00E6A4A2 /* MMLoginViewController.xib in Resources */,
				8414D65E1E1EAF0900EE74A7 /* Assets.xcassets in Resources */,
				84C6EAAB1E45BBE300E6A4A2 /* MMLoginView.xib in Resources */,
				84C6EAA31E45AAB300E6A4A2 /* MMFriendTrendController.xib in Resources */,
				8414D65C1E1EAF0900EE74A7 /* Main.storyboard in Resources */,
			);
			runOnlyForDeploymentPostprocessing = 0;
		};
/* End PBXResourcesBuildPhase section */

/* Begin PBXShellScriptBuildPhase section */
		13FE54B7FA02168B91D346AF /* [CP] Check Pods Manifest.lock */ = {
			isa = PBXShellScriptBuildPhase;
			buildActionMask = 2147483647;
			files = (
			);
			inputPaths = (
			);
			name = "[CP] Check Pods Manifest.lock";
			outputPaths = (
			);
			runOnlyForDeploymentPostprocessing = 0;
			shellPath = /bin/sh;
			shellScript = "diff \"${PODS_ROOT}/../Podfile.lock\" \"${PODS_ROOT}/Manifest.lock\" > /dev/null\nif [ $? != 0 ] ; then\n    # print error to STDERR\n    echo \"error: The sandbox is not in sync with the Podfile.lock. Run 'pod install' or update your CocoaPods installation.\" >&2\n    exit 1\nfi\n";
			showEnvVarsInLog = 0;
		};
		71D0994714202CC66DB637B5 /* [CP] Embed Pods Frameworks */ = {
			isa = PBXShellScriptBuildPhase;
			buildActionMask = 2147483647;
			files = (
			);
			inputPaths = (
			);
			name = "[CP] Embed Pods Frameworks";
			outputPaths = (
			);
			runOnlyForDeploymentPostprocessing = 0;
			shellPath = /bin/sh;
			shellScript = "\"${SRCROOT}/Pods/Target Support Files/Pods-BuDeJie_Swift3/Pods-BuDeJie_Swift3-frameworks.sh\"\n";
			showEnvVarsInLog = 0;
		};
		A463EF98E8EE8F0DB1A2EAAE /* [CP] Copy Pods Resources */ = {
			isa = PBXShellScriptBuildPhase;
			buildActionMask = 2147483647;
			files = (
			);
			inputPaths = (
			);
			name = "[CP] Copy Pods Resources";
			outputPaths = (
			);
			runOnlyForDeploymentPostprocessing = 0;
			shellPath = /bin/sh;
			shellScript = "\"${SRCROOT}/Pods/Target Support Files/Pods-BuDeJie_Swift3/Pods-BuDeJie_Swift3-resources.sh\"\n";
			showEnvVarsInLog = 0;
		};
/* End PBXShellScriptBuildPhase section */

/* Begin PBXSourcesBuildPhase section */
		8414D64F1E1EAF0900EE74A7 /* Sources */ = {
			isa = PBXSourcesBuildPhase;
			buildActionMask = 2147483647;
			files = (
				841A96021E2E5FD10003361A /* MMSettingsController.swift in Sources */,
				841A95FC1E2E2C860003361A /* MMNavigatioController.swift in Sources */,
				84BF47B31E249A4E00FB0EC0 /* AppDelegate.swift in Sources */,
				84C6EA1C1E43B2CD00E6A4A2 /* MMSubscriberTableViewController.swift in Sources */,
				84BF47BC1E249B4800FB0EC0 /* MMNewController.swift in Sources */,
				84C6EA211E44326E00E6A4A2 /* MMSubscriberTableViewCell.swift in Sources */,
				84C6EA121E42F86700E6A4A2 /* MMADViewController.swift in Sources */,
				84C6EA161E436DF400E6A4A2 /* MMADItem.swift in Sources */,
				84C6EAA91E45BBDD00E6A4A2 /* MMLoginView.swift in Sources */,
				84BF47B41E249A4E00FB0EC0 /* ViewController.swift in Sources */,
				841A95F51E2B67730003361A /* UIBarButtonItem+Extension.swift in Sources */,
				84BF47BE1E249B5500FB0EC0 /* MMPublishController.swift in Sources */,
				84BF47B81E249B3400FB0EC0 /* MMFriendTrendController.swift in Sources */,
				84C6EAB11E46392900E6A4A2 /* MMConvenientLoginButton.swift in Sources */,
				84C6EA1E1E43B67300E6A4A2 /* MMSubscriber.swift in Sources */,
				84EB30281E253BDA00E85CDF /* MMTabBarController.swift in Sources */,
				841A95F81E2D1AA00003361A /* MMTabBar.swift in Sources */,
				84BF47C01E249BC600FB0EC0 /* MMMeController.swift in Sources */,
				84C6EAA61E45B11C00E6A4A2 /* MMLoginViewController.swift in Sources */,
				84341F8E1E586A9700A4DF37 /* UITextField+Extension.swift in Sources */,
				84C6EAAD1E4630BE00E6A4A2 /* MMConvenientLoginView.swift in Sources */,
				84BF47B61E249B1900FB0EC0 /* MMEssenceController.swift in Sources */,
				84341F8C1E56FE0200A4DF37 /* MMLoginTextField.swift in Sources */,
			);
			runOnlyForDeploymentPostprocessing = 0;
		};
/* End PBXSourcesBuildPhase section */

/* Begin PBXVariantGroup section */
		8414D65A1E1EAF0900EE74A7 /* Main.storyboard */ = {
			isa = PBXVariantGroup;
			children = (
				8414D65B1E1EAF0900EE74A7 /* Base */,
				84BF47951E22A86C00FB0EC0 /* zh-Hans */,
			);
			name = Main.storyboard;
			sourceTree = "<group>";
		};
		8414D65F1E1EAF0900EE74A7 /* LaunchScreen.storyboard */ = {
			isa = PBXVariantGroup;
			children = (
				8414D6601E1EAF0900EE74A7 /* Base */,
				84BF47961E22A86C00FB0EC0 /* zh-Hans */,
			);
			name = LaunchScreen.storyboard;
			sourceTree = "<group>";
		};
		84BF47991E22A8FE00FB0EC0 /* InfoPlist.strings */ = {
			isa = PBXVariantGroup;
			children = (
				84BF47981E22A8FE00FB0EC0 /* en */,
				84BF479A1E22A90300FB0EC0 /* zh-Hans */,
			);
			name = InfoPlist.strings;
			sourceTree = "<group>";
		};
/* End PBXVariantGroup section */

/* Begin XCBuildConfiguration section */
		8414D6631E1EAF0900EE74A7 /* Debug */ = {
			isa = XCBuildConfiguration;
			buildSettings = {
				ALWAYS_SEARCH_USER_PATHS = NO;
				CLANG_ANALYZER_LOCALIZABILITY_NONLOCALIZED = YES;
				CLANG_ANALYZER_NONNULL = YES;
				CLANG_CXX_LANGUAGE_STANDARD = "gnu++0x";
				CLANG_CXX_LIBRARY = "libc++";
				CLANG_ENABLE_MODULES = YES;
				CLANG_ENABLE_OBJC_ARC = YES;
				CLANG_WARN_BOOL_CONVERSION = YES;
				CLANG_WARN_CONSTANT_CONVERSION = YES;
				CLANG_WARN_DIRECT_OBJC_ISA_USAGE = YES_ERROR;
				CLANG_WARN_DOCUMENTATION_COMMENTS = YES;
				CLANG_WARN_EMPTY_BODY = YES;
				CLANG_WARN_ENUM_CONVERSION = YES;
				CLANG_WARN_INFINITE_RECURSION = YES;
				CLANG_WARN_INT_CONVERSION = YES;
				CLANG_WARN_OBJC_ROOT_CLASS = YES_ERROR;
				CLANG_WARN_SUSPICIOUS_MOVE = YES;
				CLANG_WARN_UNREACHABLE_CODE = YES;
				CLANG_WARN__DUPLICATE_METHOD_MATCH = YES;
				"CODE_SIGN_IDENTITY[sdk=iphoneos*]" = "iPhone Developer";
				COPY_PHASE_STRIP = NO;
				DEBUG_INFORMATION_FORMAT = dwarf;
				ENABLE_STRICT_OBJC_MSGSEND = YES;
				ENABLE_TESTABILITY = YES;
				GCC_C_LANGUAGE_STANDARD = gnu99;
				GCC_DYNAMIC_NO_PIC = NO;
				GCC_NO_COMMON_BLOCKS = YES;
				GCC_OPTIMIZATION_LEVEL = 0;
				GCC_PREPROCESSOR_DEFINITIONS = (
					"DEBUG=1",
					"$(inherited)",
				);
				GCC_WARN_64_TO_32_BIT_CONVERSION = YES;
				GCC_WARN_ABOUT_RETURN_TYPE = YES_ERROR;
				GCC_WARN_UNDECLARED_SELECTOR = YES;
				GCC_WARN_UNINITIALIZED_AUTOS = YES_AGGRESSIVE;
				GCC_WARN_UNUSED_FUNCTION = YES;
				GCC_WARN_UNUSED_VARIABLE = YES;
				IPHONEOS_DEPLOYMENT_TARGET = 10.2;
				MTL_ENABLE_DEBUG_INFO = YES;
				ONLY_ACTIVE_ARCH = YES;
				SDKROOT = iphoneos;
				SWIFT_ACTIVE_COMPILATION_CONDITIONS = DEBUG;
				SWIFT_OPTIMIZATION_LEVEL = "-Onone";
			};
			name = Debug;
		};
		8414D6641E1EAF0900EE74A7 /* Release */ = {
			isa = XCBuildConfiguration;
			buildSettings = {
				ALWAYS_SEARCH_USER_PATHS = NO;
				CLANG_ANALYZER_LOCALIZABILITY_NONLOCALIZED = YES;
				CLANG_ANALYZER_NONNULL = YES;
				CLANG_CXX_LANGUAGE_STANDARD = "gnu++0x";
				CLANG_CXX_LIBRARY = "libc++";
				CLANG_ENABLE_MODULES = YES;
				CLANG_ENABLE_OBJC_ARC = YES;
				CLANG_WARN_BOOL_CONVERSION = YES;
				CLANG_WARN_CONSTANT_CONVERSION = YES;
				CLANG_WARN_DIRECT_OBJC_ISA_USAGE = YES_ERROR;
				CLANG_WARN_DOCUMENTATION_COMMENTS = YES;
				CLANG_WARN_EMPTY_BODY = YES;
				CLANG_WARN_ENUM_CONVERSION = YES;
				CLANG_WARN_INFINITE_RECURSION = YES;
				CLANG_WARN_INT_CONVERSION = YES;
				CLANG_WARN_OBJC_ROOT_CLASS = YES_ERROR;
				CLANG_WARN_SUSPICIOUS_MOVE = YES;
				CLANG_WARN_UNREACHABLE_CODE = YES;
				CLANG_WARN__DUPLICATE_METHOD_MATCH = YES;
				"CODE_SIGN_IDENTITY[sdk=iphoneos*]" = "iPhone Developer";
				COPY_PHASE_STRIP = NO;
				DEBUG_INFORMATION_FORMAT = "dwarf-with-dsym";
				ENABLE_NS_ASSERTIONS = NO;
				ENABLE_STRICT_OBJC_MSGSEND = YES;
				GCC_C_LANGUAGE_STANDARD = gnu99;
				GCC_NO_COMMON_BLOCKS = YES;
				GCC_WARN_64_TO_32_BIT_CONVERSION = YES;
				GCC_WARN_ABOUT_RETURN_TYPE = YES_ERROR;
				GCC_WARN_UNDECLARED_SELECTOR = YES;
				GCC_WARN_UNINITIALIZED_AUTOS = YES_AGGRESSIVE;
				GCC_WARN_UNUSED_FUNCTION = YES;
				GCC_WARN_UNUSED_VARIABLE = YES;
				IPHONEOS_DEPLOYMENT_TARGET = 10.2;
				MTL_ENABLE_DEBUG_INFO = NO;
				SDKROOT = iphoneos;
				SWIFT_OPTIMIZATION_LEVEL = "-Owholemodule";
				VALIDATE_PRODUCT = YES;
			};
			name = Release;
		};
		8414D6661E1EAF0900EE74A7 /* Debug */ = {
			isa = XCBuildConfiguration;
			baseConfigurationReference = C1AB2628BEBA4190DC8DF004 /* Pods-BuDeJie_Swift3.debug.xcconfig */;
			buildSettings = {
				ASSETCATALOG_COMPILER_APPICON_NAME = AppIcon;
				ASSETCATALOG_COMPILER_LAUNCHIMAGE_NAME = LaunchImage;
				DEVELOPMENT_TEAM = LEG7CXMPKJ;
				INFOPLIST_FILE = BuDeJie_Swift3/Info.plist;
				IPHONEOS_DEPLOYMENT_TARGET = 9.0;
				LD_RUNPATH_SEARCH_PATHS = "$(inherited) @executable_path/Frameworks";
				PRODUCT_BUNDLE_IDENTIFIER = "com.maimieng.BuDeJie-Swift3";
				PRODUCT_NAME = "$(TARGET_NAME)";
				SWIFT_VERSION = 3.0;
			};
			name = Debug;
		};
		8414D6671E1EAF0900EE74A7 /* Release */ = {
			isa = XCBuildConfiguration;
			baseConfigurationReference = 68B355261F8DA6C23D805781 /* Pods-BuDeJie_Swift3.release.xcconfig */;
			buildSettings = {
				ASSETCATALOG_COMPILER_APPICON_NAME = AppIcon;
				ASSETCATALOG_COMPILER_LAUNCHIMAGE_NAME = LaunchImage;
				DEVELOPMENT_TEAM = LEG7CXMPKJ;
				INFOPLIST_FILE = BuDeJie_Swift3/Info.plist;
				IPHONEOS_DEPLOYMENT_TARGET = 9.0;
				LD_RUNPATH_SEARCH_PATHS = "$(inherited) @executable_path/Frameworks";
				PRODUCT_BUNDLE_IDENTIFIER = "com.maimieng.BuDeJie-Swift3";
				PRODUCT_NAME = "$(TARGET_NAME)";
				SWIFT_VERSION = 3.0;
			};
			name = Release;
		};
/* End XCBuildConfiguration section */

/* Begin XCConfigurationList section */
		8414D64E1E1EAF0900EE74A7 /* Build configuration list for PBXProject "BuDeJie_Swift3" */ = {
			isa = XCConfigurationList;
			buildConfigurations = (
				8414D6631E1EAF0900EE74A7 /* Debug */,
				8414D6641E1EAF0900EE74A7 /* Release */,
			);
			defaultConfigurationIsVisible = 0;
			defaultConfigurationName = Release;
		};
		8414D6651E1EAF0900EE74A7 /* Build configuration list for PBXNativeTarget "BuDeJie_Swift3" */ = {
			isa = XCConfigurationList;
			buildConfigurations = (
				8414D6661E1EAF0900EE74A7 /* Debug */,
				8414D6671E1EAF0900EE74A7 /* Release */,
			);
			defaultConfigurationIsVisible = 0;
			defaultConfigurationName = Release;
		};
/* End XCConfigurationList section */
	};
	rootObject = 8414D64B1E1EAF0900EE74A7 /* Project object */;
}
